
Microsoft Visual Studio Solution File, Format Version 12.00
# Visual Studio 15
VisualStudioVersion = 15.0.28307.329
MinimumVisualStudioVersion = 10.0.40219.1
Project("{FAE04EC0-301F-11D3-BF4B-00C04F79EFBC}") = "App.UI.Demo", "App.UI.Demo\App.UI.Demo.csproj", "{6482DA71-FA92-43D4-9146-16AFB11A1249}"
EndProject
Project("{FAE04EC0-301F-11D3-BF4B-00C04F79EFBC}") = "App.Data.DataAccess", "App.Data.DataAccess\App.Data.DataAccess.csproj", "{9D0E47D3-19E2-4158-AA33-8A56EF92A490}"
EndProject
Global
	GlobalSection(SolutionConfigurationPlatforms) = preSolution
		Debug|Any CPU = Debug|Any CPU
		Release|Any CPU = Release|Any CPU
	EndGlobalSection
	GlobalSection(ProjectConfigurationPlatforms) = postSolution
		{6482DA71-FA92-43D4-9146-16AFB11A1249}.Debug|Any CPU.ActiveCfg = Debug|Any CPU
		{6482DA71-FA92-43D4-9146-16AFB11A1249}.Debug|Any CPU.Build.0 = Debug|Any CPU
		{6482DA71-FA92-43D4-9146-16AFB11A1249}.Release|Any CPU.ActiveCfg = Release|Any CPU
		{6482DA71-FA92-43D4-9146-16AFB11A1249}.Release|Any CPU.Build.0 = Release|Any CPU
		{9D0E47D3-19E2-4158-AA33-8A56EF92A490}.Debug|Any CPU.ActiveCfg = Debug|Any CPU
		{9D0E47D3-19E2-4158-AA33-8A56EF92A490}.Debug|Any CPU.Build.0 = Debug|Any CPU
		{9D0E47D3-19E2-4158-AA33-8A56EF92A490}.Release|Any CPU.ActiveCfg = Release|Any CPU
		{9D0E47D3-19E2-4158-AA33-8A56EF92A490}.Release|Any CPU.Build.0 = Release|Any CPU
	EndGlobalSection
	GlobalSection(SolutionProperties) = preSolution
		HideSolutionNode = FALSE
	EndGlobalSection
	GlobalSection(ExtensibilityGlobals) = postSolution
		SolutionGuid = {3D3E2A0B-EC0F-47B8-B62D-385B6AA6C3B5}
	EndGlobalSection
EndGlobal
